
Microsoft Visual Studio Solution File, Format Version 12.00
# Visual Studio Version 16
VisualStudioVersion = 16.0.30406.217
MinimumVisualStudioVersion = 10.0.40219.1
Project("{9A19103F-16F7-4668-BE54-9A1E7A4F7556}") = "IntroductionToCSharp", "IntroductionToCSharp\IntroductionToCSharp.csproj", "{BA72BAD0-A558-40C4-AB02-8480F91E709D}"
EndProject
Project("{9A19103F-16F7-4668-BE54-9A1E7A4F7556}") = "VariablesOperatorsExpressions", "VariablesOperatorsExpressions\VariablesOperatorsExpressions.csproj", "{024AE28C-ED64-4594-BDB5-9EA096B1235F}"
EndProject
Project("{9A19103F-16F7-4668-BE54-9A1E7A4F7556}") = "GuessTheNumber", "Walkalong\GuessTheNumber\GuessTheNumber.csproj", "{4D2CC37E-2E8F-400A-8C70-B26121ECDA38}"
EndProject
Project("{FAE04EC0-301F-11D3-BF4B-00C04F79EFBC}") = "Blackjack", "Blackjack\Blackjack.csproj", "{CC95B04B-88F7-4DCD-A9D2-6D36DC3D7E17}"
EndProject
Project("{9A19103F-16F7-4668-BE54-9A1E7A4F7556}") = "ExerciseArrays", "..\ExerciseArrays\ExerciseArrays\ExerciseArrays.csproj", "{4ECFC279-7F8C-4930-A0A0-39524BDCFD55}"
EndProject
Project("{9A19103F-16F7-4668-BE54-9A1E7A4F7556}") = "PlayerVsZombie", "..\PlayerVsZombie\PlayerVsZombie\PlayerVsZombie.csproj", "{7088A5E7-7DB5-47EE-947C-946A2D10937A}"
EndProject
Project("{9A19103F-16F7-4668-BE54-9A1E7A4F7556}") = "IfStatements", "..\IfStatements\IfStatements\IfStatements.csproj", "{EFA55BFC-71E7-4A73-AAB7-4578F5239207}"
EndProject
Project("{9A19103F-16F7-4668-BE54-9A1E7A4F7556}") = "FunctionsExercise", "..\FunctionsExercise\FunctionsExercise\FunctionsExercise.csproj", "{4DBB77D6-77EB-438E-8D0C-C191EB97F47B}"
EndProject
Project("{FAE04EC0-301F-11D3-BF4B-00C04F79EFBC}") = "TypeConversion", "TypeConversion\TypeConversion.csproj", "{1F5B4249-56B9-4EB9-BDFC-5F923E3D285A}"
EndProject
Global
	GlobalSection(SolutionConfigurationPlatforms) = preSolution
		Debug|Any CPU = Debug|Any CPU
		Release|Any CPU = Release|Any CPU
	EndGlobalSection
	GlobalSection(ProjectConfigurationPlatforms) = postSolution
		{BA72BAD0-A558-40C4-AB02-8480F91E709D}.Debug|Any CPU.ActiveCfg = Debug|Any CPU
		{BA72BAD0-A558-40C4-AB02-8480F91E709D}.Debug|Any CPU.Build.0 = Debug|Any CPU
		{BA72BAD0-A558-40C4-AB02-8480F91E709D}.Release|Any CPU.ActiveCfg = Release|Any CPU
		{BA72BAD0-A558-40C4-AB02-8480F91E709D}.Release|Any CPU.Build.0 = Release|Any CPU
		{024AE28C-ED64-4594-BDB5-9EA096B1235F}.Debug|Any CPU.ActiveCfg = Debug|Any CPU
		{024AE28C-ED64-4594-BDB5-9EA096B1235F}.Debug|Any CPU.Build.0 = Debug|Any CPU
		{024AE28C-ED64-4594-BDB5-9EA096B1235F}.Release|Any CPU.ActiveCfg = Release|Any CPU
		{024AE28C-ED64-4594-BDB5-9EA096B1235F}.Release|Any CPU.Build.0 = Release|Any CPU
		{4D2CC37E-2E8F-400A-8C70-B26121ECDA38}.Debug|Any CPU.ActiveCfg = Debug|Any CPU
		{4D2CC37E-2E8F-400A-8C70-B26121ECDA38}.Debug|Any CPU.Build.0 = Debug|Any CPU
		{4D2CC37E-2E8F-400A-8C70-B26121ECDA38}.Release|Any CPU.ActiveCfg = Release|Any CPU
		{4D2CC37E-2E8F-400A-8C70-B26121ECDA38}.Release|Any CPU.Build.0 = Release|Any CPU
		{CC95B04B-88F7-4DCD-A9D2-6D36DC3D7E17}.Debug|Any CPU.ActiveCfg = Debug|Any CPU
		{CC95B04B-88F7-4DCD-A9D2-6D36DC3D7E17}.Debug|Any CPU.Build.0 = Debug|Any CPU
		{CC95B04B-88F7-4DCD-A9D2-6D36DC3D7E17}.Release|Any CPU.ActiveCfg = Release|Any CPU
		{CC95B04B-88F7-4DCD-A9D2-6D36DC3D7E17}.Release|Any CPU.Build.0 = Release|Any CPU
		{4ECFC279-7F8C-4930-A0A0-39524BDCFD55}.Debug|Any CPU.ActiveCfg = Debug|Any CPU
		{4ECFC279-7F8C-4930-A0A0-39524BDCFD55}.Debug|Any CPU.Build.0 = Debug|Any CPU
		{4ECFC279-7F8C-4930-A0A0-39524BDCFD55}.Release|Any CPU.ActiveCfg = Release|Any CPU
		{4ECFC279-7F8C-4930-A0A0-39524BDCFD55}.Release|Any CPU.Build.0 = Release|Any CPU
		{7088A5E7-7DB5-47EE-947C-946A2D10937A}.Debug|Any CPU.ActiveCfg = Debug|Any CPU
		{7088A5E7-7DB5-47EE-947C-946A2D10937A}.Debug|Any CPU.Build.0 = Debug|Any CPU
		{7088A5E7-7DB5-47EE-947C-946A2D10937A}.Release|Any CPU.ActiveCfg = Release|Any CPU
		{7088A5E7-7DB5-47EE-947C-946A2D10937A}.Release|Any CPU.Build.0 = Release|Any CPU
		{EFA55BFC-71E7-4A73-AAB7-4578F5239207}.Debug|Any CPU.ActiveCfg = Debug|Any CPU
		{EFA55BFC-71E7-4A73-AAB7-4578F5239207}.Debug|Any CPU.Build.0 = Debug|Any CPU
		{EFA55BFC-71E7-4A73-AAB7-4578F5239207}.Release|Any CPU.ActiveCfg = Release|Any CPU
		{EFA55BFC-71E7-4A73-AAB7-4578F5239207}.Release|Any CPU.Build.0 = Release|Any CPU
		{4DBB77D6-77EB-438E-8D0C-C191EB97F47B}.Debug|Any CPU.ActiveCfg = Debug|Any CPU
		{4DBB77D6-77EB-438E-8D0C-C191EB97F47B}.Debug|Any CPU.Build.0 = Debug|Any CPU
		{4DBB77D6-77EB-438E-8D0C-C191EB97F47B}.Release|Any CPU.ActiveCfg = Release|Any CPU
		{4DBB77D6-77EB-438E-8D0C-C191EB97F47B}.Release|Any CPU.Build.0 = Release|Any CPU
		{1F5B4249-56B9-4EB9-BDFC-5F923E3D285A}.Debug|Any CPU.ActiveCfg = Debug|Any CPU
		{1F5B4249-56B9-4EB9-BDFC-5F923E3D285A}.Debug|Any CPU.Build.0 = Debug|Any CPU
		{1F5B4249-56B9-4EB9-BDFC-5F923E3D285A}.Release|Any CPU.ActiveCfg = Release|Any CPU
		{1F5B4249-56B9-4EB9-BDFC-5F923E3D285A}.Release|Any CPU.Build.0 = Release|Any CPU
	EndGlobalSection
	GlobalSection(SolutionProperties) = preSolution
		HideSolutionNode = FALSE
	EndGlobalSection
	GlobalSection(ExtensibilityGlobals) = postSolution
		SolutionGuid = {D533E27A-AD0B-429F-B6DA-194698E76AA9}
	EndGlobalSection
EndGlobal
